
Microsoft Visual Studio Solution File, Format Version 12.00
# Visual Studio Version 16
VisualStudioVersion = 16.0.32802.440
MinimumVisualStudioVersion = 10.0.40219.1
Project("{9A19103F-16F7-4668-BE54-9A1E7A4F7556}") = "AuthServer.API", "AuthServer.API\AuthServer.API.csproj", "{5D18C27E-5EE9-4110-9A4D-59DE8F92DC47}"
EndProject
Project("{9A19103F-16F7-4668-BE54-9A1E7A4F7556}") = "AuthServer.Core", "AuthServer.Core\AuthServer.Core.csproj", "{AF4A4BB8-61FC-4FCD-9B9C-6D4A3CB6BF18}"
EndProject
Project("{9A19103F-16F7-4668-BE54-9A1E7A4F7556}") = "AuthServer.Data", "AuthServer.Data\AuthServer.Data.csproj", "{17FA4850-5077-4996-A501-F64ECC48D85D}"
EndProject
Project("{9A19103F-16F7-4668-BE54-9A1E7A4F7556}") = "AuthServer.Service", "AuthServer.Service\AuthServer.Service.csproj", "{E5971C75-82A9-4BEF-AEB0-3534E3C42075}"
EndProject
Project("{FAE04EC0-301F-11D3-BF4B-00C04F79EFBC}") = "WebApp1.API", "WebApp1.API\WebApp1.API.csproj", "{B8DDDEDC-2634-41FC-8C61-C317C7DF3C4F}"
EndProject
Project("{FAE04EC0-301F-11D3-BF4B-00C04F79EFBC}") = "WebApp2.API", "WebApp2.API\WebApp2.API.csproj", "{9C3D37E3-5B68-4D86-9D5F-BFCA941CC62C}"
EndProject
Project("{FAE04EC0-301F-11D3-BF4B-00C04F79EFBC}") = "WebApp3.API", "WebApp3.API\WebApp3.API.csproj", "{351EC8DB-F6F6-40E9-817C-40D96E5138AB}"
EndProject
Project("{FAE04EC0-301F-11D3-BF4B-00C04F79EFBC}") = "AuthServer.Shared", "AuthServer.Shared\AuthServer.Shared.csproj", "{E5DEA6F1-7600-4DB7-B6CC-57B6DBBD2BFA}"
EndProject
Global
	GlobalSection(SolutionConfigurationPlatforms) = preSolution
		Debug|Any CPU = Debug|Any CPU
		Release|Any CPU = Release|Any CPU
	EndGlobalSection
	GlobalSection(ProjectConfigurationPlatforms) = postSolution
		{5D18C27E-5EE9-4110-9A4D-59DE8F92DC47}.Debug|Any CPU.ActiveCfg = Debug|Any CPU
		{5D18C27E-5EE9-4110-9A4D-59DE8F92DC47}.Debug|Any CPU.Build.0 = Debug|Any CPU
		{5D18C27E-5EE9-4110-9A4D-59DE8F92DC47}.Release|Any CPU.ActiveCfg = Release|Any CPU
		{5D18C27E-5EE9-4110-9A4D-59DE8F92DC47}.Release|Any CPU.Build.0 = Release|Any CPU
		{AF4A4BB8-61FC-4FCD-9B9C-6D4A3CB6BF18}.Debug|Any CPU.ActiveCfg = Debug|Any CPU
		{AF4A4BB8-61FC-4FCD-9B9C-6D4A3CB6BF18}.Debug|Any CPU.Build.0 = Debug|Any CPU
		{AF4A4BB8-61FC-4FCD-9B9C-6D4A3CB6BF18}.Release|Any CPU.ActiveCfg = Release|Any CPU
		{AF4A4BB8-61FC-4FCD-9B9C-6D4A3CB6BF18}.Release|Any CPU.Build.0 = Release|Any CPU
		{17FA4850-5077-4996-A501-F64ECC48D85D}.Debug|Any CPU.ActiveCfg = Debug|Any CPU
		{17FA4850-5077-4996-A501-F64ECC48D85D}.Debug|Any CPU.Build.0 = Debug|Any CPU
		{17FA4850-5077-4996-A501-F64ECC48D85D}.Release|Any CPU.ActiveCfg = Release|Any CPU
		{17FA4850-5077-4996-A501-F64ECC48D85D}.Release|Any CPU.Build.0 = Release|Any CPU
		{E5971C75-82A9-4BEF-AEB0-3534E3C42075}.Debug|Any CPU.ActiveCfg = Debug|Any CPU
		{E5971C75-82A9-4BEF-AEB0-3534E3C42075}.Debug|Any CPU.Build.0 = Debug|Any CPU
		{E5971C75-82A9-4BEF-AEB0-3534E3C42075}.Release|Any CPU.ActiveCfg = Release|Any CPU
		{E5971C75-82A9-4BEF-AEB0-3534E3C42075}.Release|Any CPU.Build.0 = Release|Any CPU
		{B8DDDEDC-2634-41FC-8C61-C317C7DF3C4F}.Debug|Any CPU.ActiveCfg = Debug|Any CPU
		{B8DDDEDC-2634-41FC-8C61-C317C7DF3C4F}.Debug|Any CPU.Build.0 = Debug|Any CPU
		{B8DDDEDC-2634-41FC-8C61-C317C7DF3C4F}.Release|Any CPU.ActiveCfg = Release|Any CPU
		{B8DDDEDC-2634-41FC-8C61-C317C7DF3C4F}.Release|Any CPU.Build.0 = Release|Any CPU
		{9C3D37E3-5B68-4D86-9D5F-BFCA941CC62C}.Debug|Any CPU.ActiveCfg = Debug|Any CPU
		{9C3D37E3-5B68-4D86-9D5F-BFCA941CC62C}.Debug|Any CPU.Build.0 = Debug|Any CPU
		{9C3D37E3-5B68-4D86-9D5F-BFCA941CC62C}.Release|Any CPU.ActiveCfg = Release|Any CPU
		{9C3D37E3-5B68-4D86-9D5F-BFCA941CC62C}.Release|Any CPU.Build.0 = Release|Any CPU
		{351EC8DB-F6F6-40E9-817C-40D96E5138AB}.Debug|Any CPU.ActiveCfg = Debug|Any CPU
		{351EC8DB-F6F6-40E9-817C-40D96E5138AB}.Debug|Any CPU.Build.0 = Debug|Any CPU
		{351EC8DB-F6F6-40E9-817C-40D96E5138AB}.Release|Any CPU.ActiveCfg = Release|Any CPU
		{351EC8DB-F6F6-40E9-817C-40D96E5138AB}.Release|Any CPU.Build.0 = Release|Any CPU
		{E5DEA6F1-7600-4DB7-B6CC-57B6DBBD2BFA}.Debug|Any CPU.ActiveCfg = Debug|Any CPU
		{E5DEA6F1-7600-4DB7-B6CC-57B6DBBD2BFA}.Debug|Any CPU.Build.0 = Debug|Any CPU
		{E5DEA6F1-7600-4DB7-B6CC-57B6DBBD2BFA}.Release|Any CPU.ActiveCfg = Release|Any CPU
		{E5DEA6F1-7600-4DB7-B6CC-57B6DBBD2BFA}.Release|Any CPU.Build.0 = Release|Any CPU
	EndGlobalSection
	GlobalSection(SolutionProperties) = preSolution
		HideSolutionNode = FALSE
	EndGlobalSection
	GlobalSection(ExtensibilityGlobals) = postSolution
		SolutionGuid = {49399427-9D82-42B3-A259-7E1C787BB21F}
	EndGlobalSection
EndGlobal
